
Microsoft Visual Studio Solution File, Format Version 12.00
# Visual Studio Version 17
VisualStudioVersion = 17.8.34330.188
MinimumVisualStudioVersion = 10.0.40219.1
Project("{FAE04EC0-301F-11D3-BF4B-00C04F79EFBC}") = "3.7 ConsoleQuestionnaire", "3.7 ConsoleQuestionnaire.csproj", "{D7DDEF46-5914-498E-AAE8-501113F134A4}"
EndProject
Global
	GlobalSection(SolutionConfigurationPlatforms) = preSolution
		Debug|Any CPU = Debug|Any CPU
		Release|Any CPU = Release|Any CPU
	EndGlobalSection
	GlobalSection(ProjectConfigurationPlatforms) = postSolution
		{D7DDEF46-5914-498E-AAE8-501113F134A4}.Debug|Any CPU.ActiveCfg = Debug|Any CPU
		{D7DDEF46-5914-498E-AAE8-501113F134A4}.Debug|Any CPU.Build.0 = Debug|Any CPU
		{D7DDEF46-5914-498E-AAE8-501113F134A4}.Release|Any CPU.ActiveCfg = Release|Any CPU
		{D7DDEF46-5914-498E-AAE8-501113F134A4}.Release|Any CPU.Build.0 = Release|Any CPU
	EndGlobalSection
	GlobalSection(SolutionProperties) = preSolution
		HideSolutionNode = FALSE
	EndGlobalSection
	GlobalSection(ExtensibilityGlobals) = postSolution
		SolutionGuid = {6CE0C3FF-0517-4408-B841-580B817DBB74}
	EndGlobalSection
EndGlobal
